
Microsoft Visual Studio Solution File, Format Version 12.00
# Visual Studio Version 17
VisualStudioVersion = 17.7.34003.232
MinimumVisualStudioVersion = 10.0.40219.1
Project("{FAE04EC0-301F-11D3-BF4B-00C04F79EFBC}") = "Assign4_dll", "Assign4_dll.csproj", "{8B3AF2AB-4B72-4D52-B486-ABF7039FC21B}"
EndProject
Project("{FAE04EC0-301F-11D3-BF4B-00C04F79EFBC}") = "callingapp", "..\callingapp\callingapp.csproj", "{38A2BAAD-6561-4516-828A-0A2F5A94A91F}"
EndProject
Global
	GlobalSection(SolutionConfigurationPlatforms) = preSolution
		Debug|Any CPU = Debug|Any CPU
		Release|Any CPU = Release|Any CPU
	EndGlobalSection
	GlobalSection(ProjectConfigurationPlatforms) = postSolution
		{8B3AF2AB-4B72-4D52-B486-ABF7039FC21B}.Debug|Any CPU.ActiveCfg = Debug|Any CPU
		{8B3AF2AB-4B72-4D52-B486-ABF7039FC21B}.Debug|Any CPU.Build.0 = Debug|Any CPU
		{8B3AF2AB-4B72-4D52-B486-ABF7039FC21B}.Release|Any CPU.ActiveCfg = Release|Any CPU
		{8B3AF2AB-4B72-4D52-B486-ABF7039FC21B}.Release|Any CPU.Build.0 = Release|Any CPU
		{38A2BAAD-6561-4516-828A-0A2F5A94A91F}.Debug|Any CPU.ActiveCfg = Debug|Any CPU
		{38A2BAAD-6561-4516-828A-0A2F5A94A91F}.Debug|Any CPU.Build.0 = Debug|Any CPU
		{38A2BAAD-6561-4516-828A-0A2F5A94A91F}.Release|Any CPU.ActiveCfg = Release|Any CPU
		{38A2BAAD-6561-4516-828A-0A2F5A94A91F}.Release|Any CPU.Build.0 = Release|Any CPU
	EndGlobalSection
	GlobalSection(SolutionProperties) = preSolution
		HideSolutionNode = FALSE
	EndGlobalSection
	GlobalSection(ExtensibilityGlobals) = postSolution
		SolutionGuid = {8FB90CB2-46D8-4D3F-8398-662AC1A7EA5E}
	EndGlobalSection
EndGlobal
