
Microsoft Visual Studio Solution File, Format Version 12.00
# Visual Studio Version 17
VisualStudioVersion = 17.7.34003.232
MinimumVisualStudioVersion = 10.0.40219.1
Project("{FAE04EC0-301F-11D3-BF4B-00C04F79EFBC}") = "assignment1_s", "assignment1_s.csproj", "{262A39CC-3A5E-4398-932A-805C22D0C7C6}"
EndProject
Global
	GlobalSection(SolutionConfigurationPlatforms) = preSolution
		Debug|Any CPU = Debug|Any CPU
		Release|Any CPU = Release|Any CPU
	EndGlobalSection
	GlobalSection(ProjectConfigurationPlatforms) = postSolution
		{262A39CC-3A5E-4398-932A-805C22D0C7C6}.Debug|Any CPU.ActiveCfg = Debug|Any CPU
		{262A39CC-3A5E-4398-932A-805C22D0C7C6}.Debug|Any CPU.Build.0 = Debug|Any CPU
		{262A39CC-3A5E-4398-932A-805C22D0C7C6}.Release|Any CPU.ActiveCfg = Release|Any CPU
		{262A39CC-3A5E-4398-932A-805C22D0C7C6}.Release|Any CPU.Build.0 = Release|Any CPU
	EndGlobalSection
	GlobalSection(SolutionProperties) = preSolution
		HideSolutionNode = FALSE
	EndGlobalSection
	GlobalSection(ExtensibilityGlobals) = postSolution
		SolutionGuid = {15348079-97B0-4ADA-8EF6-72096EFF73E0}
	EndGlobalSection
EndGlobal
